<?xml version="1.0" encoding="utf-8"?>
<Project ToolsVersion="4.0" xmlns="http://schemas.microsoft.com/developer/msbuild/2003">
  <ItemGroup>
    <Filter Include="Source Files">
      <UniqueIdentifier>{0E9E66F5-0879-4A51-9A61-6680F7E06C93}</UniqueIdentifier>
      <Extensions>cpp;c;cc;cxx;def;odl;idl;hpj;bat;asm;asmx</Extensions>
    </Filter>
    <Filter Include="Header Files">
      <UniqueIdentifier>{52D29B12-873C-4C8A-B149-06A3C3B7F2CE}</UniqueIdentifier>
      <Extensions>h;hh;hpp;hxx;hm;inl;inc;xsd</Extensions>
    </Filter>
  </ItemGroup>
  <ItemGroup>
    <ClCompile Include="main.cpp">
      <Filter>Source Files</Filter>
    </ClCompile>
    <ClCompile Include="src\conteo.cpp">
      <Filter>Source Files</Filter>
    </ClCompile>
    <ClCompile Include="src\fibonacci.cpp">
      <Filter>Source Files</Filter>
    </ClCompile>
    <ClCompile Include="src\factorial.cpp">
      <Filter>Source Files</Filter>
    </ClCompile>
    <ClCompile Include="src\hanoi.cpp">
      <Filter>Source Files</Filter>
    </ClCompile>
    <ClCompile Include="src\permutaciones.cpp">
      <Filter>Source Files</Filter>
    </ClCompile>
    <ClCompile Include="src\potencia.cpp">
      <Filter>Source Files</Filter>
    </ClCompile>
    <ClCompile Include="src\sumatoria.cpp">
      <Filter>Source Files</Filter>
    </ClCompile>
    <ClCompile Include="src\suma_arreglo.cpp">
      <Filter>Source Files</Filter>
    </ClCompile>
  </ItemGroup>
  <ItemGroup>
    <ClInclude Include="include\conteo.h">
      <Filter>Header Files</Filter>
    </ClInclude>
    <ClInclude Include="include\fibonacci.h">
      <Filter>Header Files</Filter>
    </ClInclude>
    <ClInclude Include="include\factorial.h">
      <Filter>Header Files</Filter>
    </ClInclude>
    <ClInclude Include="include\hanoi.h">
      <Filter>Header Files</Filter>
    </ClInclude>
    <ClInclude Include="include\permutaciones.h">
      <Filter>Header Files</Filter>
    </ClInclude>
    <ClInclude Include="include\potencia.h">
      <Filter>Header Files</Filter>
    </ClInclude>
    <ClInclude Include="include\sumatoria.h">
      <Filter>Header Files</Filter>
    </ClInclude>
    <ClInclude Include="include\suma_arreglo.h">
      <Filter>Header Files</Filter>
    </ClInclude>
  </ItemGroup>
</Project>

